
Microsoft Visual Studio Solution File, Format Version 12.00
# Visual Studio 15
VisualStudioVersion = 15.0.28307.168
MinimumVisualStudioVersion = 10.0.40219.1
Project("{8BC9CEB8-8B4A-11D0-8D11-00A0C91BC942}") = "Ping Pong", "Ping Pong.vcxproj", "{896482FF-D677-489F-A39A-63BEDA8620D2}"
EndProject
Global
	GlobalSection(SolutionConfigurationPlatforms) = preSolution
		Debug|x64 = Debug|x64
		Debug|x86 = Debug|x86
		Release|x64 = Release|x64
		Release|x86 = Release|x86
	EndGlobalSection
	GlobalSection(ProjectConfigurationPlatforms) = postSolution
		{896482FF-D677-489F-A39A-63BEDA8620D2}.Debug|x64.ActiveCfg = Debug|x64
		{896482FF-D677-489F-A39A-63BEDA8620D2}.Debug|x64.Build.0 = Debug|x64
		{896482FF-D677-489F-A39A-63BEDA8620D2}.Debug|x86.ActiveCfg = Debug|Win32
		{896482FF-D677-489F-A39A-63BEDA8620D2}.Debug|x86.Build.0 = Debug|Win32
		{896482FF-D677-489F-A39A-63BEDA8620D2}.Release|x64.ActiveCfg = Release|x64
		{896482FF-D677-489F-A39A-63BEDA8620D2}.Release|x64.Build.0 = Release|x64
		{896482FF-D677-489F-A39A-63BEDA8620D2}.Release|x86.ActiveCfg = Release|Win32
		{896482FF-D677-489F-A39A-63BEDA8620D2}.Release|x86.Build.0 = Release|Win32
	EndGlobalSection
	GlobalSection(SolutionProperties) = preSolution
		HideSolutionNode = FALSE
	EndGlobalSection
	GlobalSection(ExtensibilityGlobals) = postSolution
		SolutionGuid = {CF6CC8D3-D41C-42B7-864F-9E83BA0EC7CF}
	EndGlobalSection
EndGlobal
